// !$*UTF8*$!
{
	archiveVersion = 1;
	classes = {
	};
	objectVersion = 50;
	objects = {

/* Begin PBXBuildFile section */
		9358EF6A263C495F00B978CA /* AppDelegate.swift in Sources */ = {isa = PBXBuildFile; fileRef = 9358EF69263C495F00B978CA /* AppDelegate.swift */; };
		9358EF6C263C495F00B978CA /* ViewController.swift in Sources */ = {isa = PBXBuildFile; fileRef = 9358EF6B263C495F00B978CA /* ViewController.swift */; };
		9358EF6F263C495F00B978CA /* Main.storyboard in Resources */ = {isa = PBXBuildFile; fileRef = 9358EF6D263C495F00B978CA /* Main.storyboard */; };
		9358EF72263C495F00B978CA /* CoreDataExample.xcdatamodeld in Sources */ = {isa = PBXBuildFile; fileRef = 9358EF70263C495F00B978CA /* CoreDataExample.xcdatamodeld */; };
		9358EF74263C496200B978CA /* Assets.xcassets in Resources */ = {isa = PBXBuildFile; fileRef = 9358EF73263C496200B978CA /* Assets.xcassets */; };
		9358EF77263C496200B978CA /* LaunchScreen.storyboard in Resources */ = {isa = PBXBuildFile; fileRef = 9358EF75263C496200B978CA /* LaunchScreen.storyboard */; };
		9358EF82263C496200B978CA /* CoreDataExampleTests.swift in Sources */ = {isa = PBXBuildFile; fileRef = 9358EF81263C496200B978CA /* CoreDataExampleTests.swift */; };
		9358EF8D263C496200B978CA /* CoreDataExampleUITests.swift in Sources */ = {isa = PBXBuildFile; fileRef = 9358EF8C263C496200B978CA /* CoreDataExampleUITests.swift */; };
		9358EF9C263C4A5A00B978CA /* ToDoListItem+CoreDataClass.swift in Sources */ = {isa = PBXBuildFile; fileRef = 9358EF9A263C4A5A00B978CA /* ToDoListItem+CoreDataClass.swift */; };
		9358EF9D263C4A5A00B978CA /* ToDoListItem+CoreDataProperties.swift in Sources */ = {isa = PBXBuildFile; fileRef = 9358EF9B263C4A5A00B978CA /* ToDoListItem+CoreDataProperties.swift */; };
/* End PBXBuildFile section */

/* Begin PBXContainerItemProxy section */
		9358EF7E263C496200B978CA /* PBXContainerItemProxy */ = {
			isa = PBXContainerItemProxy;
			containerPortal = 9358EF5E263C495F00B978CA /* Project object */;
			proxyType = 1;
			remoteGlobalIDString = 9358EF65263C495F00B978CA;
			remoteInfo = CoreDataExample;
		};
		9358EF89263C496200B978CA /* PBXContainerItemProxy */ = {
			isa = PBXContainerItemProxy;
			containerPortal = 9358EF5E263C495F00B978CA /* Project object */;
			proxyType = 1;
			remoteGlobalIDString = 9358EF65263C495F00B978CA;
			remoteInfo = CoreDataExample;
		};
/* End PBXContainerItemProxy section */

/* Begin PBXFileReference section */
		9358EF66263C495F00B978CA /* CoreDataExample.app */ = {isa = PBXFileReference; explicitFileType = wrapper.application; includeInIndex = 0; path = CoreDataExample.app; sourceTree = BUILT_PRODUCTS_DIR; };
		9358EF69263C495F00B978CA /* AppDelegate.swift */ = {isa = PBXFileReference; lastKnownFileType = sourcecode.swift; path = AppDelegate.swift; sourceTree = "<group>"; };
		9358EF6B263C495F00B978CA /* ViewController.swift */ = {isa = PBXFileReference; lastKnownFileType = sourcecode.swift; path = ViewController.swift; sourceTree = "<group>"; };
		9358EF6E263C495F00B978CA /* Base */ = {isa = PBXFileReference; lastKnownFileType = file.storyboard; name = Base; path = Base.lproj/Main.storyboard; sourceTree = "<group>"; };
		9358EF71263C495F00B978CA /* CoreDataExample.xcdatamodel */ = {isa = PBXFileReference; lastKnownFileType = wrapper.xcdatamodel; path = CoreDataExample.xcdatamodel; sourceTree = "<group>"; };
		9358EF73263C496200B978CA /* Assets.xcassets */ = {isa = PBXFileReference; lastKnownFileType = folder.assetcatalog; path = Assets.xcassets; sourceTree = "<group>"; };
		9358EF76263C496200B978CA /* Base */ = {isa = PBXFileReference; lastKnownFileType = file.storyboard; name = Base; path = Base.lproj/LaunchScreen.storyboard; sourceTree = "<group>"; };
		9358EF78263C496200B978CA /* Info.plist */ = {isa = PBXFileReference; lastKnownFileType = text.plist.xml; path = Info.plist; sourceTree = "<group>"; };
		9358EF7D263C496200B978CA /* CoreDataExampleTests.xctest */ = {isa = PBXFileReference; explicitFileType = wrapper.cfbundle; includeInIndex = 0; path = CoreDataExampleTests.xctest; sourceTree = BUILT_PRODUCTS_DIR; };
		9358EF81263C496200B978CA /* CoreDataExampleTests.swift */ = {isa = PBXFileReference; lastKnownFileType = sourcecode.swift; path = CoreDataExampleTests.swift; sourceTree = "<group>"; };
		9358EF83263C496200B978CA /* Info.plist */ = {isa = PBXFileReference; lastKnownFileType = text.plist.xml; path = Info.plist; sourceTree = "<group>"; };
		9358EF88263C496200B978CA /* CoreDataExampleUITests.xctest */ = {isa = PBXFileReference; explicitFileType = wrapper.cfbundle; includeInIndex = 0; path = CoreDataExampleUITests.xctest; sourceTree = BUILT_PRODUCTS_DIR; };
		9358EF8C263C496200B978CA /* CoreDataExampleUITests.swift */ = {isa = PBXFileReference; lastKnownFileType = sourcecode.swift; path = CoreDataExampleUITests.swift; sourceTree = "<group>"; };
		9358EF8E263C496200B978CA /* Info.plist */ = {isa = PBXFileReference; lastKnownFileType = text.plist.xml; path = Info.plist; sourceTree = "<group>"; };
		9358EF9A263C4A5A00B978CA /* ToDoListItem+CoreDataClass.swift */ = {isa = PBXFileReference; lastKnownFileType = sourcecode.swift; path = "ToDoListItem+CoreDataClass.swift"; sourceTree = "<group>"; };
		9358EF9B263C4A5A00B978CA /* ToDoListItem+CoreDataProperties.swift */ = {isa = PBXFileReference; lastKnownFileType = sourcecode.swift; path = "ToDoListItem+CoreDataProperties.swift"; sourceTree = "<group>"; };
/* End PBXFileReference section */

/* Begin PBXFrameworksBuildPhase section */
		9358EF63263C495F00B978CA /* Frameworks */ = {
			isa = PBXFrameworksBuildPhase;
			buildActionMask = 2147483647;
			files = (
			);
			runOnlyForDeploymentPostprocessing = 0;
		};
		9358EF7A263C496200B978CA /* Frameworks */ = {
			isa = PBXFrameworksBuildPhase;
			buildActionMask = 2147483647;
			files = (
			);
			runOnlyForDeploymentPostprocessing = 0;
		};
		9358EF85263C496200B978CA /* Frameworks */ = {
			isa = PBXFrameworksBuildPhase;
			buildActionMask = 2147483647;
			files = (
			);
			runOnlyForDeploymentPostprocessing = 0;
		};
/* End PBXFrameworksBuildPhase section */

/* Begin PBXGroup section */
		9358EF5D263C495F00B978CA = {
			isa = PBXGroup;
			children = (
				9358EF9A263C4A5A00B978CA /* ToDoListItem+CoreDataClass.swift */,
				9358EF9B263C4A5A00B978CA /* ToDoListItem+CoreDataProperties.swift */,
				9358EF68263C495F00B978CA /* CoreDataExample */,
				9358EF80263C496200B978CA /* CoreDataExampleTests */,
				9358EF8B263C496200B978CA /* CoreDataExampleUITests */,
				9358EF67263C495F00B978CA /* Products */,
			);
			sourceTree = "<group>";
		};
		9358EF67263C495F00B978CA /* Products */ = {
			isa = PBXGroup;
			children = (
				9358EF66263C495F00B978CA /* CoreDataExample.app */,
				9358EF7D263C496200B978CA /* CoreDataExampleTests.xctest */,
				9358EF88263C496200B978CA /* CoreDataExampleUITests.xctest */,
			);
			name = Products;
			sourceTree = "<group>";
		};
		9358EF68263C495F00B978CA /* CoreDataExample */ = {
			isa = PBXGroup;
			children = (
				9358EF69263C495F00B978CA /* AppDelegate.swift */,
				9358EF6B263C495F00B978CA /* ViewController.swift */,
				9358EF6D263C495F00B978CA /* Main.storyboard */,
				9358EF73263C496200B978CA /* Assets.xcassets */,
				9358EF75263C496200B978CA /* LaunchScreen.storyboard */,
				9358EF78263C496200B978CA /* Info.plist */,
				9358EF70263C495F00B978CA /* CoreDataExample.xcdatamodeld */,
			);
			path = CoreDataExample;
			sourceTree = "<group>";
		};
		9358EF80263C496200B978CA /* CoreDataExampleTests */ = {
			isa = PBXGroup;
			children = (
				9358EF81263C496200B978CA /* CoreDataExampleTests.swift */,
				9358EF83263C496200B978CA /* Info.plist */,
			);
			path = CoreDataExampleTests;
			sourceTree = "<group>";
		};
		9358EF8B263C496200B978CA /* CoreDataExampleUITests */ = {
			isa = PBXGroup;
			children = (
				9358EF8C263C496200B978CA /* CoreDataExampleUITests.swift */,
				9358EF8E263C496200B978CA /* Info.plist */,
			);
			path = CoreDataExampleUITests;
			sourceTree = "<group>";
		};
/* End PBXGroup section */

/* Begin PBXNativeTarget section */
		9358EF65263C495F00B978CA /* CoreDataExample */ = {
			isa = PBXNativeTarget;
			buildConfigurationList = 9358EF91263C496200B978CA /* Build configuration list for PBXNativeTarget "CoreDataExample" */;
			buildPhases = (
				9358EF62263C495F00B978CA /* Sources */,
				9358EF63263C495F00B978CA /* Frameworks */,
				9358EF64263C495F00B978CA /* Resources */,
			);
			buildRules = (
			);
			dependencies = (
			);
			name = CoreDataExample;
			productName = CoreDataExample;
			productReference = 9358EF66263C495F00B978CA /* CoreDataExample.app */;
			productType = "com.apple.product-type.application";
		};
		9358EF7C263C496200B978CA /* CoreDataExampleTests */ = {
			isa = PBXNativeTarget;
			buildConfigurationList = 9358EF94263C496200B978CA /* Build configuration list for PBXNativeTarget "CoreDataExampleTests" */;
			buildPhases = (
				9358EF79263C496200B978CA /* Sources */,
				9358EF7A263C496200B978CA /* Frameworks */,
				9358EF7B263C496200B978CA /* Resources */,
			);
			buildRules = (
			);
			dependencies = (
				9358EF7F263C496200B978CA /* PBXTargetDependency */,
			);
			name = CoreDataExampleTests;
			productName = CoreDataExampleTests;
			productReference = 9358EF7D263C496200B978CA /* CoreDataExampleTests.xctest */;
			productType = "com.apple.product-type.bundle.unit-test";
		};
		9358EF87263C496200B978CA /* CoreDataExampleUITests */ = {
			isa = PBXNativeTarget;
			buildConfigurationList = 9358EF97263C496200B978CA /* Build configuration list for PBXNativeTarget "CoreDataExampleUITests" */;
			buildPhases = (
				9358EF84263C496200B978CA /* Sources */,
				9358EF85263C496200B978CA /* Frameworks */,
				9358EF86263C496200B978CA /* Resources */,
			);
			buildRules = (
			);
			dependencies = (
				9358EF8A263C496200B978CA /* PBXTargetDependency */,
			);
			name = CoreDataExampleUITests;
			productName = CoreDataExampleUITests;
			productReference = 9358EF88263C496200B978CA /* CoreDataExampleUITests.xctest */;
			productType = "com.apple.product-type.bundle.ui-testing";
		};
/* End PBXNativeTarget section */

/* Begin PBXProject section */
		9358EF5E263C495F00B978CA /* Project object */ = {
			isa = PBXProject;
			attributes = {
				LastSwiftUpdateCheck = 1010;
				LastUpgradeCheck = 1010;
				ORGANIZATIONNAME = "Tabata Sabrina Sutili";
				TargetAttributes = {
					9358EF65263C495F00B978CA = {
						CreatedOnToolsVersion = 10.1;
					};
					9358EF7C263C496200B978CA = {
						CreatedOnToolsVersion = 10.1;
						TestTargetID = 9358EF65263C495F00B978CA;
					};
					9358EF87263C496200B978CA = {
						CreatedOnToolsVersion = 10.1;
						TestTargetID = 9358EF65263C495F00B978CA;
					};
				};
			};
			buildConfigurationList = 9358EF61263C495F00B978CA /* Build configuration list for PBXProject "CoreDataExample" */;
			compatibilityVersion = "Xcode 9.3";
			developmentRegion = en;
			hasScannedForEncodings = 0;
			knownRegions = (
				en,
				Base,
			);
			mainGroup = 9358EF5D263C495F00B978CA;
			productRefGroup = 9358EF67263C495F00B978CA /* Products */;
			projectDirPath = "";
			projectRoot = "";
			targets = (
				9358EF65263C495F00B978CA /* CoreDataExample */,
				9358EF7C263C496200B978CA /* CoreDataExampleTests */,
				9358EF87263C496200B978CA /* CoreDataExampleUITests */,
			);
		};
/* End PBXProject section */

/* Begin PBXResourcesBuildPhase section */
		9358EF64263C495F00B978CA /* Resources */ = {
			isa = PBXResourcesBuildPhase;
			buildActionMask = 2147483647;
			files = (
				9358EF77263C496200B978CA /* LaunchScreen.storyboard in Resources */,
				9358EF74263C496200B978CA /* Assets.xcassets in Resources */,
				9358EF6F263C495F00B978CA /* Main.storyboard in Resources */,
			);
			runOnlyForDeploymentPostprocessing = 0;
		};
		9358EF7B263C496200B978CA /* Resources */ = {
			isa = PBXResourcesBuildPhase;
			buildActionMask = 2147483647;
			files = (
			);
			runOnlyForDeploymentPostprocessing = 0;
		};
		9358EF86263C496200B978CA /* Resources */ = {
			isa = PBXResourcesBuildPhase;
			buildActionMask = 2147483647;
			files = (
			);
			runOnlyForDeploymentPostprocessing = 0;
		};
/* End PBXResourcesBuildPhase section */

/* Begin PBXSourcesBuildPhase section */
		9358EF62263C495F00B978CA /* Sources */ = {
			isa = PBXSourcesBuildPhase;
			buildActionMask = 2147483647;
			files = (
				9358EF9C263C4A5A00B978CA /* ToDoListItem+CoreDataClass.swift in Sources */,
				9358EF6C263C495F00B978CA /* ViewController.swift in Sources */,
				9358EF6A263C495F00B978CA /* AppDelegate.swift in Sources */,
				9358EF72263C495F00B978CA /* CoreDataExample.xcdatamodeld in Sources */,
				9358EF9D263C4A5A00B978CA /* ToDoListItem+CoreDataProperties.swift in Sources */,
			);
			runOnlyForDeploymentPostprocessing = 0;
		};
		9358EF79263C496200B978CA /* Sources */ = {
			isa = PBXSourcesBuildPhase;
			buildActionMask = 2147483647;
			files = (
				9358EF82263C496200B978CA /* CoreDataExampleTests.swift in Sources */,
			);
			runOnlyForDeploymentPostprocessing = 0;
		};
		9358EF84263C496200B978CA /* Sources */ = {
			isa = PBXSourcesBuildPhase;
			buildActionMask = 2147483647;
			files = (
				9358EF8D263C496200B978CA /* CoreDataExampleUITests.swift in Sources */,
			);
			runOnlyForDeploymentPostprocessing = 0;
		};
/* End PBXSourcesBuildPhase section */

/* Begin PBXTargetDependency section */
		9358EF7F263C496200B978CA /* PBXTargetDependency */ = {
			isa = PBXTargetDependency;
			target = 9358EF65263C495F00B978CA /* CoreDataExample */;
			targetProxy = 9358EF7E263C496200B978CA /* PBXContainerItemProxy */;
		};
		9358EF8A263C496200B978CA /* PBXTargetDependency */ = {
			isa = PBXTargetDependency;
			target = 9358EF65263C495F00B978CA /* CoreDataExample */;
			targetProxy = 9358EF89263C496200B978CA /* PBXContainerItemProxy */;
		};
/* End PBXTargetDependency section */

/* Begin PBXVariantGroup section */
		9358EF6D263C495F00B978CA /* Main.storyboard */ = {
			isa = PBXVariantGroup;
			children = (
				9358EF6E263C495F00B978CA /* Base */,
			);
			name = Main.storyboard;
			sourceTree = "<group>";
		};
		9358EF75263C496200B978CA /* LaunchScreen.storyboard */ = {
			isa = PBXVariantGroup;
			children = (
				9358EF76263C496200B978CA /* Base */,
			);
			name = LaunchScreen.storyboard;
			sourceTree = "<group>";
		};
/* End PBXVariantGroup section */

/* Begin XCBuildConfiguration section */
		9358EF8F263C496200B978CA /* Debug */ = {
			isa = XCBuildConfiguration;
			buildSettings = {
				ALWAYS_SEARCH_USER_PATHS = NO;
				CLANG_ANALYZER_NONNULL = YES;
				CLANG_ANALYZER_NUMBER_OBJECT_CONVERSION = YES_AGGRESSIVE;
				CLANG_CXX_LANGUAGE_STANDARD = "gnu++14";
				CLANG_CXX_LIBRARY = "libc++";
				CLANG_ENABLE_MODULES = YES;
				CLANG_ENABLE_OBJC_ARC = YES;
				CLANG_ENABLE_OBJC_WEAK = YES;
				CLANG_WARN_BLOCK_CAPTURE_AUTORELEASING = YES;
				CLANG_WARN_BOOL_CONVERSION = YES;
				CLANG_WARN_COMMA = YES;
				CLANG_WARN_CONSTANT_CONVERSION = YES;
				CLANG_WARN_DEPRECATED_OBJC_IMPLEMENTATIONS = YES;
				CLANG_WARN_DIRECT_OBJC_ISA_USAGE = YES_ERROR;
				CLANG_WARN_DOCUMENTATION_COMMENTS = YES;
				CLANG_WARN_EMPTY_BODY = YES;
				CLANG_WARN_ENUM_CONVERSION = YES;
				CLANG_WARN_INFINITE_RECURSION = YES;
				CLANG_WARN_INT_CONVERSION = YES;
				CLANG_WARN_NON_LITERAL_NULL_CONVERSION = YES;
				CLANG_WARN_OBJC_IMPLICIT_RETAIN_SELF = YES;
				CLANG_WARN_OBJC_LITERAL_CONVERSION = YES;
				CLANG_WARN_OBJC_ROOT_CLASS = YES_ERROR;
				CLANG_WARN_RANGE_LOOP_ANALYSIS = YES;
				CLANG_WARN_STRICT_PROTOTYPES = YES;
				CLANG_WARN_SUSPICIOUS_MOVE = YES;
				CLANG_WARN_UNGUARDED_AVAILABILITY = YES_AGGRESSIVE;
				CLANG_WARN_UNREACHABLE_CODE = YES;
				CLANG_WARN__DUPLICATE_METHOD_MATCH = YES;
				CODE_SIGN_IDENTITY = "iPhone Developer";
				COPY_PHASE_STRIP = NO;
				DEBUG_INFORMATION_FORMAT = dwarf;
				ENABLE_STRICT_OBJC_MSGSEND = YES;
				ENABLE_TESTABILITY = YES;
				GCC_C_LANGUAGE_STANDARD = gnu11;
				GCC_DYNAMIC_NO_PIC = NO;
				GCC_NO_COMMON_BLOCKS = YES;
				GCC_OPTIMIZATION_LEVEL = 0;
				GCC_PREPROCESSOR_DEFINITIONS = (
					"DEBUG=1",
					"$(inherited)",
				);
				GCC_WARN_64_TO_32_BIT_CONVERSION = YES;
				GCC_WARN_ABOUT_RETURN_TYPE = YES_ERROR;
				GCC_WARN_UNDECLARED_SELECTOR = YES;
				GCC_WARN_UNINITIALIZED_AUTOS = YES_AGGRESSIVE;
				GCC_WARN_UNUSED_FUNCTION = YES;
				GCC_WARN_UNUSED_VARIABLE = YES;
				IPHONEOS_DEPLOYMENT_TARGET = 12.1;
				MTL_ENABLE_DEBUG_INFO = INCLUDE_SOURCE;
				MTL_FAST_MATH = YES;
				ONLY_ACTIVE_ARCH = YES;
				SDKROOT = iphoneos;
				SWIFT_ACTIVE_COMPILATION_CONDITIONS = DEBUG;
				SWIFT_OPTIMIZATION_LEVEL = "-Onone";
			};
			name = Debug;
		};
		9358EF90263C496200B978CA /* Release */ = {
			isa = XCBuildConfiguration;
			buildSettings = {
				ALWAYS_SEARCH_USER_PATHS = NO;
				CLANG_ANALYZER_NONNULL = YES;
				CLANG_ANALYZER_NUMBER_OBJECT_CONVERSION = YES_AGGRESSIVE;
				CLANG_CXX_LANGUAGE_STANDARD = "gnu++14";
				CLANG_CXX_LIBRARY = "libc++";
				CLANG_ENABLE_MODULES = YES;
				CLANG_ENABLE_OBJC_ARC = YES;
				CLANG_ENABLE_OBJC_WEAK = YES;
				CLANG_WARN_BLOCK_CAPTURE_AUTORELEASING = YES;
				CLANG_WARN_BOOL_CONVERSION = YES;
				CLANG_WARN_COMMA = YES;
				CLANG_WARN_CONSTANT_CONVERSION = YES;
				CLANG_WARN_DEPRECATED_OBJC_IMPLEMENTATIONS = YES;
				CLANG_WARN_DIRECT_OBJC_ISA_USAGE = YES_ERROR;
				CLANG_WARN_DOCUMENTATION_COMMENTS = YES;
				CLANG_WARN_EMPTY_BODY = YES;
				CLANG_WARN_ENUM_CONVERSION = YES;
				CLANG_WARN_INFINITE_RECURSION = YES;
				CLANG_WARN_INT_CONVERSION = YES;
				CLANG_WARN_NON_LITERAL_NULL_CONVERSION = YES;
				CLANG_WARN_OBJC_IMPLICIT_RETAIN_SELF = YES;
				CLANG_WARN_OBJC_LITERAL_CONVERSION = YES;
				CLANG_WARN_OBJC_ROOT_CLASS = YES_ERROR;
				CLANG_WARN_RANGE_LOOP_ANALYSIS = YES;
				CLANG_WARN_STRICT_PROTOTYPES = YES;
				CLANG_WARN_SUSPICIOUS_MOVE = YES;
				CLANG_WARN_UNGUARDED_AVAILABILITY = YES_AGGRESSIVE;
				CLANG_WARN_UNREACHABLE_CODE = YES;
				CLANG_WARN__DUPLICATE_METHOD_MATCH = YES;
				CODE_SIGN_IDENTITY = "iPhone Developer";
				COPY_PHASE_STRIP = NO;
				DEBUG_INFORMATION_FORMAT = "dwarf-with-dsym";
				ENABLE_NS_ASSERTIONS = NO;
				ENABLE_STRICT_OBJC_MSGSEND = YES;
				GCC_C_LANGUAGE_STANDARD = gnu11;
				GCC_NO_COMMON_BLOCKS = YES;
				GCC_WARN_64_TO_32_BIT_CONVERSION = YES;
				GCC_WARN_ABOUT_RETURN_TYPE = YES_ERROR;
				GCC_WARN_UNDECLARED_SELECTOR = YES;
				GCC_WARN_UNINITIALIZED_AUTOS = YES_AGGRESSIVE;
				GCC_WARN_UNUSED_FUNCTION = YES;
				GCC_WARN_UNUSED_VARIABLE = YES;
				IPHONEOS_DEPLOYMENT_TARGET = 12.1;
				MTL_ENABLE_DEBUG_INFO = NO;
				MTL_FAST_MATH = YES;
				SDKROOT = iphoneos;
				SWIFT_COMPILATION_MODE = wholemodule;
				SWIFT_OPTIMIZATION_LEVEL = "-O";
				VALIDATE_PRODUCT = YES;
			};
			name = Release;
		};
		9358EF92263C496200B978CA /* Debug */ = {
			isa = XCBuildConfiguration;
			buildSettings = {
				ASSETCATALOG_COMPILER_APPICON_NAME = AppIcon;
				CODE_SIGN_STYLE = Automatic;
				INFOPLIST_FILE = CoreDataExample/Info.plist;
				LD_RUNPATH_SEARCH_PATHS = (
					"$(inherited)",
					"@executable_path/Frameworks",
				);
				PRODUCT_BUNDLE_IDENTIFIER = br.com.CoreDataExample;
				PRODUCT_NAME = "$(TARGET_NAME)";
				SWIFT_VERSION = 4.2;
				TARGETED_DEVICE_FAMILY = "1,2";
			};
			name = Debug;
		};
		9358EF93263C496200B978CA /* Release */ = {
			isa = XCBuildConfiguration;
			buildSettings = {
				ASSETCATALOG_COMPILER_APPICON_NAME = AppIcon;
				CODE_SIGN_STYLE = Automatic;
				INFOPLIST_FILE = CoreDataExample/Info.plist;
				LD_RUNPATH_SEARCH_PATHS = (
					"$(inherited)",
					"@executable_path/Frameworks",
				);
				PRODUCT_BUNDLE_IDENTIFIER = br.com.CoreDataExample;
				PRODUCT_NAME = "$(TARGET_NAME)";
				SWIFT_VERSION = 4.2;
				TARGETED_DEVICE_FAMILY = "1,2";
			};
			name = Release;
		};
		9358EF95263C496200B978CA /* Debug */ = {
			isa = XCBuildConfiguration;
			buildSettings = {
				ALWAYS_EMBED_SWIFT_STANDARD_LIBRARIES = YES;
				BUNDLE_LOADER = "$(TEST_HOST)";
				CODE_SIGN_STYLE = Automatic;
				INFOPLIST_FILE = CoreDataExampleTests/Info.plist;
				LD_RUNPATH_SEARCH_PATHS = (
					"$(inherited)",
					"@executable_path/Frameworks",
					"@loader_path/Frameworks",
				);
				PRODUCT_BUNDLE_IDENTIFIER = br.com.CoreDataExampleTests;
				PRODUCT_NAME = "$(TARGET_NAME)";
				SWIFT_VERSION = 4.2;
				TARGETED_DEVICE_FAMILY = "1,2";
				TEST_HOST = "$(BUILT_PRODUCTS_DIR)/CoreDataExample.app/CoreDataExample";
			};
			name = Debug;
		};
		9358EF96263C496200B978CA /* Release */ = {
			isa = XCBuildConfiguration;
			buildSettings = {
				ALWAYS_EMBED_SWIFT_STANDARD_LIBRARIES = YES;
				BUNDLE_LOADER = "$(TEST_HOST)";
				CODE_SIGN_STYLE = Automatic;
				INFOPLIST_FILE = CoreDataExampleTests/Info.plist;
				LD_RUNPATH_SEARCH_PATHS = (
					"$(inherited)",
					"@executable_path/Frameworks",
					"@loader_path/Frameworks",
				);
				PRODUCT_BUNDLE_IDENTIFIER = br.com.CoreDataExampleTests;
				PRODUCT_NAME = "$(TARGET_NAME)";
				SWIFT_VERSION = 4.2;
				TARGETED_DEVICE_FAMILY = "1,2";
				TEST_HOST = "$(BUILT_PRODUCTS_DIR)/CoreDataExample.app/CoreDataExample";
			};
			name = Release;
		};
		9358EF98263C496200B978CA /* Debug */ = {
			isa = XCBuildConfiguration;
			buildSettings = {
				ALWAYS_EMBED_SWIFT_STANDARD_LIBRARIES = YES;
				CODE_SIGN_STYLE = Automatic;
				INFOPLIST_FILE = CoreDataExampleUITests/Info.plist;
				LD_RUNPATH_SEARCH_PATHS = (
					"$(inherited)",
					"@executable_path/Frameworks",
					"@loader_path/Frameworks",
				);
				PRODUCT_BUNDLE_IDENTIFIER = br.com.CoreDataExampleUITests;
				PRODUCT_NAME = "$(TARGET_NAME)";
				SWIFT_VERSION = 4.2;
				TARGETED_DEVICE_FAMILY = "1,2";
				TEST_TARGET_NAME = CoreDataExample;
			};
			name = Debug;
		};
		9358EF99263C496200B978CA /* Release */ = {
			isa = XCBuildConfiguration;
			buildSettings = {
				ALWAYS_EMBED_SWIFT_STANDARD_LIBRARIES = YES;
				CODE_SIGN_STYLE = Automatic;
				INFOPLIST_FILE = CoreDataExampleUITests/Info.plist;
				LD_RUNPATH_SEARCH_PATHS = (
					"$(inherited)",
					"@executable_path/Frameworks",
					"@loader_path/Frameworks",
				);
				PRODUCT_BUNDLE_IDENTIFIER = br.com.CoreDataExampleUITests;
				PRODUCT_NAME = "$(TARGET_NAME)";
				SWIFT_VERSION = 4.2;
				TARGETED_DEVICE_FAMILY = "1,2";
				TEST_TARGET_NAME = CoreDataExample;
			};
			name = Release;
		};
/* End XCBuildConfiguration section */

/* Begin XCConfigurationList section */
		9358EF61263C495F00B978CA /* Build configuration list for PBXProject "CoreDataExample" */ = {
			isa = XCConfigurationList;
			buildConfigurations = (
				9358EF8F263C496200B978CA /* Debug */,
				9358EF90263C496200B978CA /* Release */,
			);
			defaultConfigurationIsVisible = 0;
			defaultConfigurationName = Release;
		};
		9358EF91263C496200B978CA /* Build configuration list for PBXNativeTarget "CoreDataExample" */ = {
			isa = XCConfigurationList;
			buildConfigurations = (
				9358EF92263C496200B978CA /* Debug */,
				9358EF93263C496200B978CA /* Release */,
			);
			defaultConfigurationIsVisible = 0;
			defaultConfigurationName = Release;
		};
		9358EF94263C496200B978CA /* Build configuration list for PBXNativeTarget "CoreDataExampleTests" */ = {
			isa = XCConfigurationList;
			buildConfigurations = (
				9358EF95263C496200B978CA /* Debug */,
				9358EF96263C496200B978CA /* Release */,
			);
			defaultConfigurationIsVisible = 0;
			defaultConfigurationName = Release;
		};
		9358EF97263C496200B978CA /* Build configuration list for PBXNativeTarget "CoreDataExampleUITests" */ = {
			isa = XCConfigurationList;
			buildConfigurations = (
				9358EF98263C496200B978CA /* Debug */,
				9358EF99263C496200B978CA /* Release */,
			);
			defaultConfigurationIsVisible = 0;
			defaultConfigurationName = Release;
		};
/* End XCConfigurationList section */

/* Begin XCVersionGroup section */
		9358EF70263C495F00B978CA /* CoreDataExample.xcdatamodeld */ = {
			isa = XCVersionGroup;
			children = (
				9358EF71263C495F00B978CA /* CoreDataExample.xcdatamodel */,
			);
			currentVersion = 9358EF71263C495F00B978CA /* CoreDataExample.xcdatamodel */;
			path = CoreDataExample.xcdatamodeld;
			sourceTree = "<group>";
			versionGroupType = wrapper.xcdatamodel;
		};
/* End XCVersionGroup section */
	};
	rootObject = 9358EF5E263C495F00B978CA /* Project object */;
}
